
Microsoft Visual Studio Solution File, Format Version 12.00
# Visual Studio 15
VisualStudioVersion = 15.0.27703.2000
MinimumVisualStudioVersion = 10.0.40219.1
Project("{FAE04EC0-301F-11D3-BF4B-00C04F79EFBC}") = "Digital_Indicator.Startup", "Digital_Indicator.Startup\Digital_Indicator.Startup.csproj", "{71A7D172-E640-4192-8F3A-4AE87729E632}"
EndProject
Project("{FAE04EC0-301F-11D3-BF4B-00C04F79EFBC}") = "Digital_Indicator.Module.Display", "Digital_Indicator.Module.Display\Digital_Indicator.Module.Display.csproj", "{17D124EA-F1E0-4A24-810F-81151C48638B}"
EndProject
Project("{FAE04EC0-301F-11D3-BF4B-00C04F79EFBC}") = "Digital_Indicator.Logic.Navigation", "Digital_Indicator.Logic.Navigation\Digital_Indicator.Logic.Navigation.csproj", "{8A4CB387-8CFC-4443-82F8-59FC3C59A14E}"
EndProject
Project("{FAE04EC0-301F-11D3-BF4B-00C04F79EFBC}") = "Digital_Indicator.Logic.SerialCommunications", "Digital_Indicator.Logic.SerialCommunications\Digital_Indicator.Logic.SerialCommunications.csproj", "{F7861637-3550-49D6-9B8D-F9D38C6A3602}"
EndProject
Project("{FAE04EC0-301F-11D3-BF4B-00C04F79EFBC}") = "Digital_Indicator.Logic.Helpers", "Digital_Indicator.Logic.Helpers\Digital_Indicator.Logic.Helpers.csproj", "{49952ABE-8438-4FC1-BC9A-4A4D596E64F5}"
EndProject
Project("{FAE04EC0-301F-11D3-BF4B-00C04F79EFBC}") = "Digital_Indicator.Infrastructure.UI", "Digital_Indicator.Infrastructure.UI\Digital_Indicator.Infrastructure.UI.csproj", "{3CD37F03-D9B7-426C-8447-3CEF0284FABE}"
EndProject
Project("{FAE04EC0-301F-11D3-BF4B-00C04F79EFBC}") = "Digital_Indicator.Logic.Filament", "Digital_Indicator.Logic.Filament\Digital_Indicator.Logic.Filament.csproj", "{FDD57CAC-B228-496A-8BC7-496F742013C0}"
EndProject
Project("{FAE04EC0-301F-11D3-BF4B-00C04F79EFBC}") = "Digital_Indicator.Logic.FileOperations", "Digital_Indicator.Logic.FileOperations\Digital_Indicator.Logic.FileOperations.csproj", "{8035395E-CE20-45CC-8669-F1CBB8CB31BB}"
EndProject
Project("{FAE04EC0-301F-11D3-BF4B-00C04F79EFBC}") = "Digital_Indicator.Infrastructure", "Digital_Indicator.Infrastructure\Digital_Indicator.Infrastructure.csproj", "{14852AA5-9B8D-4202-A2E3-D5F9E7004A49}"
EndProject
Project("{FAE04EC0-301F-11D3-BF4B-00C04F79EFBC}") = "Digital_Indicator.WindowForms.ZedGraphUserControl", "Digital_Indicator.WindowForms.ZedGraphUserControl\Digital_Indicator.WindowForms.ZedGraphUserControl.csproj", "{4304C760-7374-4C33-90D9-032D798E1254}"
EndProject
Project("{FAE04EC0-301F-11D3-BF4B-00C04F79EFBC}") = "Digital_Indicator.Logic.WebService", "Digital_Indicator.WebService\Digital_Indicator.Logic.WebService.csproj", "{020EED02-5E4C-4D59-B74F-062D5D2C1C8E}"
EndProject
Project("{54435603-DBB4-11D2-8724-00A0C9A8B90C}") = "Setup", "Setup\Setup.vdproj", "{C8105991-4D1C-49E8-B487-F6096F409E06}"
EndProject
Project("{FAE04EC0-301F-11D3-BF4B-00C04F79EFBC}") = "Digital_Indicator.Logic.Spooler", "Digital_Indicator.Logic.Spooler\Digital_Indicator.Logic.Spooler.csproj", "{C3DD00FC-CC99-4300-A41E-54DEE85A64DC}"
EndProject
Global
	GlobalSection(SolutionConfigurationPlatforms) = preSolution
		Debug|Any CPU = Debug|Any CPU
		Release|Any CPU = Release|Any CPU
	EndGlobalSection
	GlobalSection(ProjectConfigurationPlatforms) = postSolution
		{71A7D172-E640-4192-8F3A-4AE87729E632}.Debug|Any CPU.ActiveCfg = Debug|Any CPU
		{71A7D172-E640-4192-8F3A-4AE87729E632}.Debug|Any CPU.Build.0 = Debug|Any CPU
		{71A7D172-E640-4192-8F3A-4AE87729E632}.Release|Any CPU.ActiveCfg = Release|Any CPU
		{71A7D172-E640-4192-8F3A-4AE87729E632}.Release|Any CPU.Build.0 = Release|Any CPU
		{17D124EA-F1E0-4A24-810F-81151C48638B}.Debug|Any CPU.ActiveCfg = Debug|Any CPU
		{17D124EA-F1E0-4A24-810F-81151C48638B}.Debug|Any CPU.Build.0 = Debug|Any CPU
		{17D124EA-F1E0-4A24-810F-81151C48638B}.Release|Any CPU.ActiveCfg = Release|Any CPU
		{17D124EA-F1E0-4A24-810F-81151C48638B}.Release|Any CPU.Build.0 = Release|Any CPU
		{8A4CB387-8CFC-4443-82F8-59FC3C59A14E}.Debug|Any CPU.ActiveCfg = Debug|Any CPU
		{8A4CB387-8CFC-4443-82F8-59FC3C59A14E}.Debug|Any CPU.Build.0 = Debug|Any CPU
		{8A4CB387-8CFC-4443-82F8-59FC3C59A14E}.Release|Any CPU.ActiveCfg = Release|Any CPU
		{8A4CB387-8CFC-4443-82F8-59FC3C59A14E}.Release|Any CPU.Build.0 = Release|Any CPU
		{F7861637-3550-49D6-9B8D-F9D38C6A3602}.Debug|Any CPU.ActiveCfg = Debug|Any CPU
		{F7861637-3550-49D6-9B8D-F9D38C6A3602}.Debug|Any CPU.Build.0 = Debug|Any CPU
		{F7861637-3550-49D6-9B8D-F9D38C6A3602}.Release|Any CPU.ActiveCfg = Release|Any CPU
		{F7861637-3550-49D6-9B8D-F9D38C6A3602}.Release|Any CPU.Build.0 = Release|Any CPU
		{49952ABE-8438-4FC1-BC9A-4A4D596E64F5}.Debug|Any CPU.ActiveCfg = Debug|Any CPU
		{49952ABE-8438-4FC1-BC9A-4A4D596E64F5}.Debug|Any CPU.Build.0 = Debug|Any CPU
		{49952ABE-8438-4FC1-BC9A-4A4D596E64F5}.Release|Any CPU.ActiveCfg = Release|Any CPU
		{49952ABE-8438-4FC1-BC9A-4A4D596E64F5}.Release|Any CPU.Build.0 = Release|Any CPU
		{3CD37F03-D9B7-426C-8447-3CEF0284FABE}.Debug|Any CPU.ActiveCfg = Debug|Any CPU
		{3CD37F03-D9B7-426C-8447-3CEF0284FABE}.Debug|Any CPU.Build.0 = Debug|Any CPU
		{3CD37F03-D9B7-426C-8447-3CEF0284FABE}.Release|Any CPU.ActiveCfg = Release|Any CPU
		{3CD37F03-D9B7-426C-8447-3CEF0284FABE}.Release|Any CPU.Build.0 = Release|Any CPU
		{FDD57CAC-B228-496A-8BC7-496F742013C0}.Debug|Any CPU.ActiveCfg = Debug|Any CPU
		{FDD57CAC-B228-496A-8BC7-496F742013C0}.Debug|Any CPU.Build.0 = Debug|Any CPU
		{FDD57CAC-B228-496A-8BC7-496F742013C0}.Release|Any CPU.ActiveCfg = Release|Any CPU
		{FDD57CAC-B228-496A-8BC7-496F742013C0}.Release|Any CPU.Build.0 = Release|Any CPU
		{8035395E-CE20-45CC-8669-F1CBB8CB31BB}.Debug|Any CPU.ActiveCfg = Debug|Any CPU
		{8035395E-CE20-45CC-8669-F1CBB8CB31BB}.Debug|Any CPU.Build.0 = Debug|Any CPU
		{8035395E-CE20-45CC-8669-F1CBB8CB31BB}.Release|Any CPU.ActiveCfg = Release|Any CPU
		{8035395E-CE20-45CC-8669-F1CBB8CB31BB}.Release|Any CPU.Build.0 = Release|Any CPU
		{14852AA5-9B8D-4202-A2E3-D5F9E7004A49}.Debug|Any CPU.ActiveCfg = Debug|Any CPU
		{14852AA5-9B8D-4202-A2E3-D5F9E7004A49}.Debug|Any CPU.Build.0 = Debug|Any CPU
		{14852AA5-9B8D-4202-A2E3-D5F9E7004A49}.Release|Any CPU.ActiveCfg = Release|Any CPU
		{14852AA5-9B8D-4202-A2E3-D5F9E7004A49}.Release|Any CPU.Build.0 = Release|Any CPU
		{4304C760-7374-4C33-90D9-032D798E1254}.Debug|Any CPU.ActiveCfg = Debug|Any CPU
		{4304C760-7374-4C33-90D9-032D798E1254}.Debug|Any CPU.Build.0 = Debug|Any CPU
		{4304C760-7374-4C33-90D9-032D798E1254}.Release|Any CPU.ActiveCfg = Release|Any CPU
		{4304C760-7374-4C33-90D9-032D798E1254}.Release|Any CPU.Build.0 = Release|Any CPU
		{020EED02-5E4C-4D59-B74F-062D5D2C1C8E}.Debug|Any CPU.ActiveCfg = Debug|Any CPU
		{020EED02-5E4C-4D59-B74F-062D5D2C1C8E}.Debug|Any CPU.Build.0 = Debug|Any CPU
		{020EED02-5E4C-4D59-B74F-062D5D2C1C8E}.Release|Any CPU.ActiveCfg = Release|Any CPU
		{020EED02-5E4C-4D59-B74F-062D5D2C1C8E}.Release|Any CPU.Build.0 = Release|Any CPU
		{C8105991-4D1C-49E8-B487-F6096F409E06}.Debug|Any CPU.ActiveCfg = Debug
		{C8105991-4D1C-49E8-B487-F6096F409E06}.Release|Any CPU.ActiveCfg = Release
		{C3DD00FC-CC99-4300-A41E-54DEE85A64DC}.Debug|Any CPU.ActiveCfg = Debug|Any CPU
		{C3DD00FC-CC99-4300-A41E-54DEE85A64DC}.Debug|Any CPU.Build.0 = Debug|Any CPU
		{C3DD00FC-CC99-4300-A41E-54DEE85A64DC}.Release|Any CPU.ActiveCfg = Release|Any CPU
		{C3DD00FC-CC99-4300-A41E-54DEE85A64DC}.Release|Any CPU.Build.0 = Release|Any CPU
	EndGlobalSection
	GlobalSection(SolutionProperties) = preSolution
		HideSolutionNode = FALSE
	EndGlobalSection
	GlobalSection(ExtensibilityGlobals) = postSolution
		SolutionGuid = {5795ED80-E4D0-45D9-A1D8-14B187E95130}
	EndGlobalSection
EndGlobal
