
Microsoft Visual Studio Solution File, Format Version 12.00
# Visual Studio 15
VisualStudioVersion = 15.0.27703.2000
MinimumVisualStudioVersion = 10.0.40219.1
Project("{FAE04EC0-301F-11D3-BF4B-00C04F79EFBC}") = "Digital_Indicator.Startup", "Digital_Indicator.Startup\Digital_Indicator.Startup.csproj", "{71A7D172-E640-4192-8F3A-4AE87729E632}"
EndProject
Project("{FAE04EC0-301F-11D3-BF4B-00C04F79EFBC}") = "Digital_Indicator.Module.Display", "Digital_Indicator.Module.Display\Digital_Indicator.Module.Display.csproj", "{17D124EA-F1E0-4A24-810F-81151C48638B}"
EndProject
Project("{FAE04EC0-301F-11D3-BF4B-00C04F79EFBC}") = "Digital_Indicator.Logic.Navigation", "Digital_Indicator.Logic.Navigation\Digital_Indicator.Logic.Navigation.csproj", "{8A4CB387-8CFC-4443-82F8-59FC3C59A14E}"
EndProject
Global
	GlobalSection(SolutionConfigurationPlatforms) = preSolution
		Debug|Any CPU = Debug|Any CPU
		Release|Any CPU = Release|Any CPU
	EndGlobalSection
	GlobalSection(ProjectConfigurationPlatforms) = postSolution
		{71A7D172-E640-4192-8F3A-4AE87729E632}.Debug|Any CPU.ActiveCfg = Debug|Any CPU
		{71A7D172-E640-4192-8F3A-4AE87729E632}.Debug|Any CPU.Build.0 = Debug|Any CPU
		{71A7D172-E640-4192-8F3A-4AE87729E632}.Release|Any CPU.ActiveCfg = Release|Any CPU
		{71A7D172-E640-4192-8F3A-4AE87729E632}.Release|Any CPU.Build.0 = Release|Any CPU
		{17D124EA-F1E0-4A24-810F-81151C48638B}.Debug|Any CPU.ActiveCfg = Debug|Any CPU
		{17D124EA-F1E0-4A24-810F-81151C48638B}.Debug|Any CPU.Build.0 = Debug|Any CPU
		{17D124EA-F1E0-4A24-810F-81151C48638B}.Release|Any CPU.ActiveCfg = Release|Any CPU
		{17D124EA-F1E0-4A24-810F-81151C48638B}.Release|Any CPU.Build.0 = Release|Any CPU
		{8A4CB387-8CFC-4443-82F8-59FC3C59A14E}.Debug|Any CPU.ActiveCfg = Debug|Any CPU
		{8A4CB387-8CFC-4443-82F8-59FC3C59A14E}.Debug|Any CPU.Build.0 = Debug|Any CPU
		{8A4CB387-8CFC-4443-82F8-59FC3C59A14E}.Release|Any CPU.ActiveCfg = Release|Any CPU
		{8A4CB387-8CFC-4443-82F8-59FC3C59A14E}.Release|Any CPU.Build.0 = Release|Any CPU
	EndGlobalSection
	GlobalSection(SolutionProperties) = preSolution
		HideSolutionNode = FALSE
	EndGlobalSection
	GlobalSection(ExtensibilityGlobals) = postSolution
		SolutionGuid = {5795ED80-E4D0-45D9-A1D8-14B187E95130}
	EndGlobalSection
EndGlobal
