
Microsoft Visual Studio Solution File, Format Version 12.00
# Visual Studio Version 16
VisualStudioVersion = 16.0.31205.134
MinimumVisualStudioVersion = 10.0.40219.1
Project("{FAE04EC0-301F-11D3-BF4B-00C04F79EFBC}") = "ExtrusionUI.Startup", "ExtrusionUI.Startup\ExtrusionUI.Startup.csproj", "{71A7D172-E640-4192-8F3A-4AE87729E632}"
EndProject
Project("{FAE04EC0-301F-11D3-BF4B-00C04F79EFBC}") = "ExtrusionUI.Module.Display", "ExtrusionUI.Module.Display\ExtrusionUI.Module.Display.csproj", "{17D124EA-F1E0-4A24-810F-81151C48638B}"
EndProject
Project("{FAE04EC0-301F-11D3-BF4B-00C04F79EFBC}") = "ExtrusionUI.Logic.Navigation", "ExtrusionUI.Logic.Navigation\ExtrusionUI.Logic.Navigation.csproj", "{8A4CB387-8CFC-4443-82F8-59FC3C59A14E}"
EndProject
Project("{FAE04EC0-301F-11D3-BF4B-00C04F79EFBC}") = "ExtrusionUI.Logic.SerialCommunications", "ExtrusionUI.Logic.SerialCommunications\ExtrusionUI.Logic.SerialCommunications.csproj", "{F7861637-3550-49D6-9B8D-F9D38C6A3602}"
EndProject
Project("{FAE04EC0-301F-11D3-BF4B-00C04F79EFBC}") = "ExtrusionUI.Logic.Helpers", "ExtrusionUI.Logic.Helpers\ExtrusionUI.Logic.Helpers.csproj", "{49952ABE-8438-4FC1-BC9A-4A4D596E64F5}"
EndProject
Project("{FAE04EC0-301F-11D3-BF4B-00C04F79EFBC}") = "ExtrusionUI.Infrastructure.UI", "ExtrusionUI.Infrastructure.UI\ExtrusionUI.Infrastructure.UI.csproj", "{3CD37F03-D9B7-426C-8447-3CEF0284FABE}"
EndProject
Project("{FAE04EC0-301F-11D3-BF4B-00C04F79EFBC}") = "ExtrusionUI.Logic.Filament", "ExtrusionUI.Logic.Filament\ExtrusionUI.Logic.Filament.csproj", "{FDD57CAC-B228-496A-8BC7-496F742013C0}"
EndProject
Project("{FAE04EC0-301F-11D3-BF4B-00C04F79EFBC}") = "ExtrusionUI.Logic.FileOperations", "ExtrusionUI.Logic.FileOperations\ExtrusionUI.Logic.FileOperations.csproj", "{8035395E-CE20-45CC-8669-F1CBB8CB31BB}"
EndProject
Project("{FAE04EC0-301F-11D3-BF4B-00C04F79EFBC}") = "ExtrusionUI.Infrastructure", "ExtrusionUI.Infrastructure\ExtrusionUI.Infrastructure.csproj", "{14852AA5-9B8D-4202-A2E3-D5F9E7004A49}"
EndProject
Project("{FAE04EC0-301F-11D3-BF4B-00C04F79EFBC}") = "ExtrusionUI.WindowForms.ZedGraphUserControl", "ExtrusionUI.WindowForms.ZedGraphUserControl\ExtrusionUI.WindowForms.ZedGraphUserControl.csproj", "{4304C760-7374-4C33-90D9-032D798E1254}"
EndProject
Project("{FAE04EC0-301F-11D3-BF4B-00C04F79EFBC}") = "ExtrusionUI.Logic.WebService", "ExtrusionUI.WebService\ExtrusionUI.Logic.WebService.csproj", "{020EED02-5E4C-4D59-B74F-062D5D2C1C8E}"
EndProject
Project("{FAE04EC0-301F-11D3-BF4B-00C04F79EFBC}") = "ExtrusionUI.Toolkits", "ExtrusionUI.Toolkits\ExtrusionUI.Toolkits.csproj", "{5BE0334F-ECF2-4AF9-BB78-E1D48A2E9AF8}"
EndProject
Project("{FAE04EC0-301F-11D3-BF4B-00C04F79EFBC}") = "ExtrusionUI.VirtualKeyboard", "ExtrusionUI.VirtualKeyboard\ExtrusionUI.VirtualKeyboard.csproj", "{F74B3364-1FF6-4279-A6CB-00DE1C592A00}"
EndProject
Project("{FAE04EC0-301F-11D3-BF4B-00C04F79EFBC}") = "ExtrusionUI.Logic.UI_Intelligence", "ExtrusionUI.Logic.UI_Intelligence\ExtrusionUI.Logic.UI_Intelligence.csproj", "{988E8B95-AF86-4921-AE86-4A21F7C4CAAF}"
EndProject
Project("{FAE04EC0-301F-11D3-BF4B-00C04F79EFBC}") = "ExtrusionUI.Core", "ExtrusionUI.Core\ExtrusionUI.Core.csproj", "{58B80657-9961-4E42-9931-629690417B0A}"
EndProject
Global
	GlobalSection(SolutionConfigurationPlatforms) = preSolution
		Debug|Any CPU = Debug|Any CPU
		Debug|x64 = Debug|x64
		Release|Any CPU = Release|Any CPU
		Release|x64 = Release|x64
	EndGlobalSection
	GlobalSection(ProjectConfigurationPlatforms) = postSolution
		{71A7D172-E640-4192-8F3A-4AE87729E632}.Debug|Any CPU.ActiveCfg = Debug|Any CPU
		{71A7D172-E640-4192-8F3A-4AE87729E632}.Debug|Any CPU.Build.0 = Debug|Any CPU
		{71A7D172-E640-4192-8F3A-4AE87729E632}.Debug|x64.ActiveCfg = Debug|x64
		{71A7D172-E640-4192-8F3A-4AE87729E632}.Debug|x64.Build.0 = Debug|x64
		{71A7D172-E640-4192-8F3A-4AE87729E632}.Release|Any CPU.ActiveCfg = Release|Any CPU
		{71A7D172-E640-4192-8F3A-4AE87729E632}.Release|Any CPU.Build.0 = Release|Any CPU
		{71A7D172-E640-4192-8F3A-4AE87729E632}.Release|x64.ActiveCfg = Release|x64
		{71A7D172-E640-4192-8F3A-4AE87729E632}.Release|x64.Build.0 = Release|x64
		{17D124EA-F1E0-4A24-810F-81151C48638B}.Debug|Any CPU.ActiveCfg = Debug|Any CPU
		{17D124EA-F1E0-4A24-810F-81151C48638B}.Debug|Any CPU.Build.0 = Debug|Any CPU
		{17D124EA-F1E0-4A24-810F-81151C48638B}.Debug|x64.ActiveCfg = Debug|x64
		{17D124EA-F1E0-4A24-810F-81151C48638B}.Debug|x64.Build.0 = Debug|x64
		{17D124EA-F1E0-4A24-810F-81151C48638B}.Release|Any CPU.ActiveCfg = Release|Any CPU
		{17D124EA-F1E0-4A24-810F-81151C48638B}.Release|Any CPU.Build.0 = Release|Any CPU
		{17D124EA-F1E0-4A24-810F-81151C48638B}.Release|x64.ActiveCfg = Release|x64
		{17D124EA-F1E0-4A24-810F-81151C48638B}.Release|x64.Build.0 = Release|x64
		{8A4CB387-8CFC-4443-82F8-59FC3C59A14E}.Debug|Any CPU.ActiveCfg = Debug|Any CPU
		{8A4CB387-8CFC-4443-82F8-59FC3C59A14E}.Debug|Any CPU.Build.0 = Debug|Any CPU
		{8A4CB387-8CFC-4443-82F8-59FC3C59A14E}.Debug|x64.ActiveCfg = Debug|x64
		{8A4CB387-8CFC-4443-82F8-59FC3C59A14E}.Debug|x64.Build.0 = Debug|x64
		{8A4CB387-8CFC-4443-82F8-59FC3C59A14E}.Release|Any CPU.ActiveCfg = Release|Any CPU
		{8A4CB387-8CFC-4443-82F8-59FC3C59A14E}.Release|Any CPU.Build.0 = Release|Any CPU
		{8A4CB387-8CFC-4443-82F8-59FC3C59A14E}.Release|x64.ActiveCfg = Release|x64
		{8A4CB387-8CFC-4443-82F8-59FC3C59A14E}.Release|x64.Build.0 = Release|x64
		{F7861637-3550-49D6-9B8D-F9D38C6A3602}.Debug|Any CPU.ActiveCfg = Debug|Any CPU
		{F7861637-3550-49D6-9B8D-F9D38C6A3602}.Debug|Any CPU.Build.0 = Debug|Any CPU
		{F7861637-3550-49D6-9B8D-F9D38C6A3602}.Debug|x64.ActiveCfg = Debug|x64
		{F7861637-3550-49D6-9B8D-F9D38C6A3602}.Debug|x64.Build.0 = Debug|x64
		{F7861637-3550-49D6-9B8D-F9D38C6A3602}.Release|Any CPU.ActiveCfg = Release|Any CPU
		{F7861637-3550-49D6-9B8D-F9D38C6A3602}.Release|Any CPU.Build.0 = Release|Any CPU
		{F7861637-3550-49D6-9B8D-F9D38C6A3602}.Release|x64.ActiveCfg = Release|x64
		{F7861637-3550-49D6-9B8D-F9D38C6A3602}.Release|x64.Build.0 = Release|x64
		{49952ABE-8438-4FC1-BC9A-4A4D596E64F5}.Debug|Any CPU.ActiveCfg = Debug|Any CPU
		{49952ABE-8438-4FC1-BC9A-4A4D596E64F5}.Debug|Any CPU.Build.0 = Debug|Any CPU
		{49952ABE-8438-4FC1-BC9A-4A4D596E64F5}.Debug|x64.ActiveCfg = Debug|x64
		{49952ABE-8438-4FC1-BC9A-4A4D596E64F5}.Debug|x64.Build.0 = Debug|x64
		{49952ABE-8438-4FC1-BC9A-4A4D596E64F5}.Release|Any CPU.ActiveCfg = Release|Any CPU
		{49952ABE-8438-4FC1-BC9A-4A4D596E64F5}.Release|Any CPU.Build.0 = Release|Any CPU
		{49952ABE-8438-4FC1-BC9A-4A4D596E64F5}.Release|x64.ActiveCfg = Release|x64
		{49952ABE-8438-4FC1-BC9A-4A4D596E64F5}.Release|x64.Build.0 = Release|x64
		{3CD37F03-D9B7-426C-8447-3CEF0284FABE}.Debug|Any CPU.ActiveCfg = Debug|Any CPU
		{3CD37F03-D9B7-426C-8447-3CEF0284FABE}.Debug|Any CPU.Build.0 = Debug|Any CPU
		{3CD37F03-D9B7-426C-8447-3CEF0284FABE}.Debug|x64.ActiveCfg = Debug|x64
		{3CD37F03-D9B7-426C-8447-3CEF0284FABE}.Debug|x64.Build.0 = Debug|x64
		{3CD37F03-D9B7-426C-8447-3CEF0284FABE}.Release|Any CPU.ActiveCfg = Release|Any CPU
		{3CD37F03-D9B7-426C-8447-3CEF0284FABE}.Release|Any CPU.Build.0 = Release|Any CPU
		{3CD37F03-D9B7-426C-8447-3CEF0284FABE}.Release|x64.ActiveCfg = Release|x64
		{3CD37F03-D9B7-426C-8447-3CEF0284FABE}.Release|x64.Build.0 = Release|x64
		{FDD57CAC-B228-496A-8BC7-496F742013C0}.Debug|Any CPU.ActiveCfg = Debug|Any CPU
		{FDD57CAC-B228-496A-8BC7-496F742013C0}.Debug|Any CPU.Build.0 = Debug|Any CPU
		{FDD57CAC-B228-496A-8BC7-496F742013C0}.Debug|x64.ActiveCfg = Debug|x64
		{FDD57CAC-B228-496A-8BC7-496F742013C0}.Debug|x64.Build.0 = Debug|x64
		{FDD57CAC-B228-496A-8BC7-496F742013C0}.Release|Any CPU.ActiveCfg = Release|Any CPU
		{FDD57CAC-B228-496A-8BC7-496F742013C0}.Release|Any CPU.Build.0 = Release|Any CPU
		{FDD57CAC-B228-496A-8BC7-496F742013C0}.Release|x64.ActiveCfg = Release|x64
		{FDD57CAC-B228-496A-8BC7-496F742013C0}.Release|x64.Build.0 = Release|x64
		{8035395E-CE20-45CC-8669-F1CBB8CB31BB}.Debug|Any CPU.ActiveCfg = Debug|Any CPU
		{8035395E-CE20-45CC-8669-F1CBB8CB31BB}.Debug|Any CPU.Build.0 = Debug|Any CPU
		{8035395E-CE20-45CC-8669-F1CBB8CB31BB}.Debug|x64.ActiveCfg = Debug|x64
		{8035395E-CE20-45CC-8669-F1CBB8CB31BB}.Debug|x64.Build.0 = Debug|x64
		{8035395E-CE20-45CC-8669-F1CBB8CB31BB}.Release|Any CPU.ActiveCfg = Release|Any CPU
		{8035395E-CE20-45CC-8669-F1CBB8CB31BB}.Release|Any CPU.Build.0 = Release|Any CPU
		{8035395E-CE20-45CC-8669-F1CBB8CB31BB}.Release|x64.ActiveCfg = Release|x64
		{8035395E-CE20-45CC-8669-F1CBB8CB31BB}.Release|x64.Build.0 = Release|x64
		{14852AA5-9B8D-4202-A2E3-D5F9E7004A49}.Debug|Any CPU.ActiveCfg = Debug|Any CPU
		{14852AA5-9B8D-4202-A2E3-D5F9E7004A49}.Debug|Any CPU.Build.0 = Debug|Any CPU
		{14852AA5-9B8D-4202-A2E3-D5F9E7004A49}.Debug|x64.ActiveCfg = Debug|x64
		{14852AA5-9B8D-4202-A2E3-D5F9E7004A49}.Debug|x64.Build.0 = Debug|x64
		{14852AA5-9B8D-4202-A2E3-D5F9E7004A49}.Release|Any CPU.ActiveCfg = Release|Any CPU
		{14852AA5-9B8D-4202-A2E3-D5F9E7004A49}.Release|Any CPU.Build.0 = Release|Any CPU
		{14852AA5-9B8D-4202-A2E3-D5F9E7004A49}.Release|x64.ActiveCfg = Release|x64
		{14852AA5-9B8D-4202-A2E3-D5F9E7004A49}.Release|x64.Build.0 = Release|x64
		{4304C760-7374-4C33-90D9-032D798E1254}.Debug|Any CPU.ActiveCfg = Debug|Any CPU
		{4304C760-7374-4C33-90D9-032D798E1254}.Debug|Any CPU.Build.0 = Debug|Any CPU
		{4304C760-7374-4C33-90D9-032D798E1254}.Debug|x64.ActiveCfg = Debug|x64
		{4304C760-7374-4C33-90D9-032D798E1254}.Debug|x64.Build.0 = Debug|x64
		{4304C760-7374-4C33-90D9-032D798E1254}.Release|Any CPU.ActiveCfg = Release|Any CPU
		{4304C760-7374-4C33-90D9-032D798E1254}.Release|Any CPU.Build.0 = Release|Any CPU
		{4304C760-7374-4C33-90D9-032D798E1254}.Release|x64.ActiveCfg = Release|x64
		{4304C760-7374-4C33-90D9-032D798E1254}.Release|x64.Build.0 = Release|x64
		{020EED02-5E4C-4D59-B74F-062D5D2C1C8E}.Debug|Any CPU.ActiveCfg = Debug|Any CPU
		{020EED02-5E4C-4D59-B74F-062D5D2C1C8E}.Debug|Any CPU.Build.0 = Debug|Any CPU
		{020EED02-5E4C-4D59-B74F-062D5D2C1C8E}.Debug|x64.ActiveCfg = Debug|x64
		{020EED02-5E4C-4D59-B74F-062D5D2C1C8E}.Debug|x64.Build.0 = Debug|x64
		{020EED02-5E4C-4D59-B74F-062D5D2C1C8E}.Release|Any CPU.ActiveCfg = Release|Any CPU
		{020EED02-5E4C-4D59-B74F-062D5D2C1C8E}.Release|Any CPU.Build.0 = Release|Any CPU
		{020EED02-5E4C-4D59-B74F-062D5D2C1C8E}.Release|x64.ActiveCfg = Release|x64
		{020EED02-5E4C-4D59-B74F-062D5D2C1C8E}.Release|x64.Build.0 = Release|x64
		{5BE0334F-ECF2-4AF9-BB78-E1D48A2E9AF8}.Debug|Any CPU.ActiveCfg = Debug|Any CPU
		{5BE0334F-ECF2-4AF9-BB78-E1D48A2E9AF8}.Debug|Any CPU.Build.0 = Debug|Any CPU
		{5BE0334F-ECF2-4AF9-BB78-E1D48A2E9AF8}.Debug|x64.ActiveCfg = Debug|x64
		{5BE0334F-ECF2-4AF9-BB78-E1D48A2E9AF8}.Debug|x64.Build.0 = Debug|x64
		{5BE0334F-ECF2-4AF9-BB78-E1D48A2E9AF8}.Release|Any CPU.ActiveCfg = Release|Any CPU
		{5BE0334F-ECF2-4AF9-BB78-E1D48A2E9AF8}.Release|Any CPU.Build.0 = Release|Any CPU
		{5BE0334F-ECF2-4AF9-BB78-E1D48A2E9AF8}.Release|x64.ActiveCfg = Release|x64
		{5BE0334F-ECF2-4AF9-BB78-E1D48A2E9AF8}.Release|x64.Build.0 = Release|x64
		{F74B3364-1FF6-4279-A6CB-00DE1C592A00}.Debug|Any CPU.ActiveCfg = Debug|Any CPU
		{F74B3364-1FF6-4279-A6CB-00DE1C592A00}.Debug|Any CPU.Build.0 = Debug|Any CPU
		{F74B3364-1FF6-4279-A6CB-00DE1C592A00}.Debug|x64.ActiveCfg = Debug|x64
		{F74B3364-1FF6-4279-A6CB-00DE1C592A00}.Debug|x64.Build.0 = Debug|x64
		{F74B3364-1FF6-4279-A6CB-00DE1C592A00}.Release|Any CPU.ActiveCfg = Release|Any CPU
		{F74B3364-1FF6-4279-A6CB-00DE1C592A00}.Release|Any CPU.Build.0 = Release|Any CPU
		{F74B3364-1FF6-4279-A6CB-00DE1C592A00}.Release|x64.ActiveCfg = Release|x64
		{F74B3364-1FF6-4279-A6CB-00DE1C592A00}.Release|x64.Build.0 = Release|x64
		{988E8B95-AF86-4921-AE86-4A21F7C4CAAF}.Debug|Any CPU.ActiveCfg = Debug|Any CPU
		{988E8B95-AF86-4921-AE86-4A21F7C4CAAF}.Debug|Any CPU.Build.0 = Debug|Any CPU
		{988E8B95-AF86-4921-AE86-4A21F7C4CAAF}.Debug|x64.ActiveCfg = Debug|x64
		{988E8B95-AF86-4921-AE86-4A21F7C4CAAF}.Debug|x64.Build.0 = Debug|x64
		{988E8B95-AF86-4921-AE86-4A21F7C4CAAF}.Release|Any CPU.ActiveCfg = Release|Any CPU
		{988E8B95-AF86-4921-AE86-4A21F7C4CAAF}.Release|Any CPU.Build.0 = Release|Any CPU
		{988E8B95-AF86-4921-AE86-4A21F7C4CAAF}.Release|x64.ActiveCfg = Release|x64
		{988E8B95-AF86-4921-AE86-4A21F7C4CAAF}.Release|x64.Build.0 = Release|x64
		{58B80657-9961-4E42-9931-629690417B0A}.Debug|Any CPU.ActiveCfg = Debug|Any CPU
		{58B80657-9961-4E42-9931-629690417B0A}.Debug|Any CPU.Build.0 = Debug|Any CPU
		{58B80657-9961-4E42-9931-629690417B0A}.Debug|x64.ActiveCfg = Debug|x64
		{58B80657-9961-4E42-9931-629690417B0A}.Debug|x64.Build.0 = Debug|x64
		{58B80657-9961-4E42-9931-629690417B0A}.Release|Any CPU.ActiveCfg = Release|Any CPU
		{58B80657-9961-4E42-9931-629690417B0A}.Release|Any CPU.Build.0 = Release|Any CPU
		{58B80657-9961-4E42-9931-629690417B0A}.Release|x64.ActiveCfg = Release|x64
		{58B80657-9961-4E42-9931-629690417B0A}.Release|x64.Build.0 = Release|x64
	EndGlobalSection
	GlobalSection(SolutionProperties) = preSolution
		HideSolutionNode = FALSE
	EndGlobalSection
	GlobalSection(ExtensibilityGlobals) = postSolution
		SolutionGuid = {5795ED80-E4D0-45D9-A1D8-14B187E95130}
	EndGlobalSection
EndGlobal
